
Microsoft Visual Studio Solution File, Format Version 12.00
# Visual Studio Version 17
VisualStudioVersion = 17.14.36127.28
MinimumVisualStudioVersion = 10.0.40219.1
Project("{2150E333-8FDC-42A3-9474-1A3956D46DE8}") = "Services", "Services", "{02EA681E-C7D8-13C7-8484-4AC65E1B71E8}"
EndProject
Project("{2150E333-8FDC-42A3-9474-1A3956D46DE8}") = "Catalog", "Catalog", "{A89F57CE-04CA-47BD-90FB-DD6B5AA523D1}"
EndProject
Project("{FAE04EC0-301F-11D3-BF4B-00C04F79EFBC}") = "MultiShop.Catalog", "Services\Catalog\MultiShop.Catalog\MultiShop.Catalog.csproj", "{8DE1879D-AE65-425B-B9DB-94117BE21773}"
EndProject
Project("{2150E333-8FDC-42A3-9474-1A3956D46DE8}") = "Discount", "Discount", "{27E104BD-7BF3-4806-829E-7935363F3055}"
EndProject
Project("{FAE04EC0-301F-11D3-BF4B-00C04F79EFBC}") = "MultiShop.Discount", "Services\Discount\MultiShop.Discount\MultiShop.Discount.csproj", "{7ED23ECF-9AED-4CF4-A1F5-E5555E64E786}"
EndProject
Project("{2150E333-8FDC-42A3-9474-1A3956D46DE8}") = "Order", "Order", "{9B942F82-8290-424F-BBDB-5B2453244672}"
EndProject
Project("{2150E333-8FDC-42A3-9474-1A3956D46DE8}") = "Core", "Core", "{4F7F8D18-25C2-4584-BF34-8DC50CC496F9}"
EndProject
Project("{2150E333-8FDC-42A3-9474-1A3956D46DE8}") = "Infrastructure", "Infrastructure", "{E6974B31-B49F-4C19-B88F-F66670A3B6F3}"
EndProject
Project("{2150E333-8FDC-42A3-9474-1A3956D46DE8}") = "Presentation", "Presentation", "{FF573C16-A694-4E50-B8F8-FA2CC956CD10}"
EndProject
Project("{FAE04EC0-301F-11D3-BF4B-00C04F79EFBC}") = "MultiShop.Order.Domain", "Services\Order\Core\MultiShop.Order.Domain\MultiShop.Order.Domain.csproj", "{52FC6784-3425-49CD-A37E-54D0E9473E89}"
EndProject
Project("{FAE04EC0-301F-11D3-BF4B-00C04F79EFBC}") = "MultiShop.Order.Application", "Services\Order\Core\MultiShop.Order.Application\MultiShop.Order.Application.csproj", "{3528CDA4-0161-4B35-BFBE-FC7A5B599F22}"
EndProject
Project("{FAE04EC0-301F-11D3-BF4B-00C04F79EFBC}") = "MultiShop.Order.Persistence", "Services\Order\Infrastructure\MultiShop.Order.Persistence\MultiShop.Order.Persistence.csproj", "{9042B181-F0CA-4B75-BD76-32E7F380D1EB}"
EndProject
Project("{FAE04EC0-301F-11D3-BF4B-00C04F79EFBC}") = "MultiShop.Order.WebApi", "Services\Order\Presentation\MultiShop.Order.WebApi\MultiShop.Order.WebApi.csproj", "{E8854E9A-F297-496A-9F5D-D0D53B802969}"
EndProject
Project("{2150E333-8FDC-42A3-9474-1A3956D46DE8}") = "IdentityServer", "IdentityServer", "{B14F3132-532E-4CB1-B8CD-168AE4405021}"
EndProject
Project("{FAE04EC0-301F-11D3-BF4B-00C04F79EFBC}") = "MultiShop.IdentityServer", "IdentityServer\MultiShop.IdentityServer\MultiShop.IdentityServer.csproj", "{EA14094F-FB55-5ABC-1402-B4229C4AD0B1}"
EndProject
Project("{2150E333-8FDC-42A3-9474-1A3956D46DE8}") = "Requirements", "Requirements", "{30343CA0-44F8-42C3-976F-DAB0419B6CC7}"
	ProjectSection(SolutionItems) = preProject
		PortNumbers.txt = PortNumbers.txt
	EndProjectSection
EndProject
Project("{2150E333-8FDC-42A3-9474-1A3956D46DE8}") = "Cargo", "Cargo", "{5304597E-F519-4AF1-A7BC-EA850CDC71F1}"
EndProject
Project("{FAE04EC0-301F-11D3-BF4B-00C04F79EFBC}") = "MultiShop.Cargo.EntityLayer", "Services\Cargo\MultiShop.Cargo.EntityLayer\MultiShop.Cargo.EntityLayer.csproj", "{5CF93892-7D9C-45C9-9313-EABDB1505467}"
EndProject
Project("{FAE04EC0-301F-11D3-BF4B-00C04F79EFBC}") = "MultiShop.Cargo.BusinessLayer", "Services\Cargo\MultiShop.Cargo.BusinessLayer\MultiShop.Cargo.BusinessLayer.csproj", "{73D743DA-F221-4B0C-B513-E5E35FF90EC0}"
EndProject
Project("{FAE04EC0-301F-11D3-BF4B-00C04F79EFBC}") = "MultiShop.Cargo.DataAccessLayer", "Services\Cargo\MultiShop.Cargo.DataAccessLayer\MultiShop.Cargo.DataAccessLayer.csproj", "{0A5042C5-FCD7-4E4D-9D90-4D85FAD68B07}"
EndProject
Project("{FAE04EC0-301F-11D3-BF4B-00C04F79EFBC}") = "MultiShop.Cargo.DtoLayer", "Services\Cargo\MultiShop.Cargo.DtoLayer\MultiShop.Cargo.DtoLayer.csproj", "{982C21D2-9F11-400C-8A86-4C10B176A896}"
EndProject
Project("{FAE04EC0-301F-11D3-BF4B-00C04F79EFBC}") = "MultiShop.Cargo.WebApi", "Services\Cargo\MultiShop.Cargo.WebApi\MultiShop.Cargo.WebApi.csproj", "{844245F0-BC5F-4D3F-A004-21A8A892DED2}"
EndProject
Project("{2150E333-8FDC-42A3-9474-1A3956D46DE8}") = "Basket", "Basket", "{DE082CCC-D009-4824-AD05-F3E25C681D22}"
EndProject
Project("{FAE04EC0-301F-11D3-BF4B-00C04F79EFBC}") = "MultiShop.Basket", "Services\Basket\MultiShop.Basket\MultiShop.Basket.csproj", "{D4428762-B707-4261-BA0A-840C5226CF04}"
EndProject
Project("{2150E333-8FDC-42A3-9474-1A3956D46DE8}") = "Frontends", "Frontends", "{082E7C8B-7BAA-4D0E-867C-4843CFCA5B35}"
EndProject
Project("{FAE04EC0-301F-11D3-BF4B-00C04F79EFBC}") = "MultiShop.WebUI", "Frontends\MultiShop.WebUI\MultiShop.WebUI.csproj", "{418CD555-1BB0-44AE-9D40-15C9B70D2BB5}"
EndProject
Global
	GlobalSection(SolutionConfigurationPlatforms) = preSolution
		Debug|Any CPU = Debug|Any CPU
		Release|Any CPU = Release|Any CPU
	EndGlobalSection
	GlobalSection(ProjectConfigurationPlatforms) = postSolution
		{8DE1879D-AE65-425B-B9DB-94117BE21773}.Debug|Any CPU.ActiveCfg = Debug|Any CPU
		{8DE1879D-AE65-425B-B9DB-94117BE21773}.Debug|Any CPU.Build.0 = Debug|Any CPU
		{8DE1879D-AE65-425B-B9DB-94117BE21773}.Release|Any CPU.ActiveCfg = Release|Any CPU
		{8DE1879D-AE65-425B-B9DB-94117BE21773}.Release|Any CPU.Build.0 = Release|Any CPU
		{7ED23ECF-9AED-4CF4-A1F5-E5555E64E786}.Debug|Any CPU.ActiveCfg = Debug|Any CPU
		{7ED23ECF-9AED-4CF4-A1F5-E5555E64E786}.Debug|Any CPU.Build.0 = Debug|Any CPU
		{7ED23ECF-9AED-4CF4-A1F5-E5555E64E786}.Release|Any CPU.ActiveCfg = Release|Any CPU
		{7ED23ECF-9AED-4CF4-A1F5-E5555E64E786}.Release|Any CPU.Build.0 = Release|Any CPU
		{52FC6784-3425-49CD-A37E-54D0E9473E89}.Debug|Any CPU.ActiveCfg = Debug|Any CPU
		{52FC6784-3425-49CD-A37E-54D0E9473E89}.Debug|Any CPU.Build.0 = Debug|Any CPU
		{52FC6784-3425-49CD-A37E-54D0E9473E89}.Release|Any CPU.ActiveCfg = Release|Any CPU
		{52FC6784-3425-49CD-A37E-54D0E9473E89}.Release|Any CPU.Build.0 = Release|Any CPU
		{3528CDA4-0161-4B35-BFBE-FC7A5B599F22}.Debug|Any CPU.ActiveCfg = Debug|Any CPU
		{3528CDA4-0161-4B35-BFBE-FC7A5B599F22}.Debug|Any CPU.Build.0 = Debug|Any CPU
		{3528CDA4-0161-4B35-BFBE-FC7A5B599F22}.Release|Any CPU.ActiveCfg = Release|Any CPU
		{3528CDA4-0161-4B35-BFBE-FC7A5B599F22}.Release|Any CPU.Build.0 = Release|Any CPU
		{9042B181-F0CA-4B75-BD76-32E7F380D1EB}.Debug|Any CPU.ActiveCfg = Debug|Any CPU
		{9042B181-F0CA-4B75-BD76-32E7F380D1EB}.Debug|Any CPU.Build.0 = Debug|Any CPU
		{9042B181-F0CA-4B75-BD76-32E7F380D1EB}.Release|Any CPU.ActiveCfg = Release|Any CPU
		{9042B181-F0CA-4B75-BD76-32E7F380D1EB}.Release|Any CPU.Build.0 = Release|Any CPU
		{E8854E9A-F297-496A-9F5D-D0D53B802969}.Debug|Any CPU.ActiveCfg = Debug|Any CPU
		{E8854E9A-F297-496A-9F5D-D0D53B802969}.Debug|Any CPU.Build.0 = Debug|Any CPU
		{E8854E9A-F297-496A-9F5D-D0D53B802969}.Release|Any CPU.ActiveCfg = Release|Any CPU
		{E8854E9A-F297-496A-9F5D-D0D53B802969}.Release|Any CPU.Build.0 = Release|Any CPU
		{EA14094F-FB55-5ABC-1402-B4229C4AD0B1}.Debug|Any CPU.ActiveCfg = Debug|Any CPU
		{EA14094F-FB55-5ABC-1402-B4229C4AD0B1}.Debug|Any CPU.Build.0 = Debug|Any CPU
		{EA14094F-FB55-5ABC-1402-B4229C4AD0B1}.Release|Any CPU.ActiveCfg = Release|Any CPU
		{EA14094F-FB55-5ABC-1402-B4229C4AD0B1}.Release|Any CPU.Build.0 = Release|Any CPU
		{5CF93892-7D9C-45C9-9313-EABDB1505467}.Debug|Any CPU.ActiveCfg = Debug|Any CPU
		{5CF93892-7D9C-45C9-9313-EABDB1505467}.Debug|Any CPU.Build.0 = Debug|Any CPU
		{5CF93892-7D9C-45C9-9313-EABDB1505467}.Release|Any CPU.ActiveCfg = Release|Any CPU
		{5CF93892-7D9C-45C9-9313-EABDB1505467}.Release|Any CPU.Build.0 = Release|Any CPU
		{73D743DA-F221-4B0C-B513-E5E35FF90EC0}.Debug|Any CPU.ActiveCfg = Debug|Any CPU
		{73D743DA-F221-4B0C-B513-E5E35FF90EC0}.Debug|Any CPU.Build.0 = Debug|Any CPU
		{73D743DA-F221-4B0C-B513-E5E35FF90EC0}.Release|Any CPU.ActiveCfg = Release|Any CPU
		{73D743DA-F221-4B0C-B513-E5E35FF90EC0}.Release|Any CPU.Build.0 = Release|Any CPU
		{0A5042C5-FCD7-4E4D-9D90-4D85FAD68B07}.Debug|Any CPU.ActiveCfg = Debug|Any CPU
		{0A5042C5-FCD7-4E4D-9D90-4D85FAD68B07}.Debug|Any CPU.Build.0 = Debug|Any CPU
		{0A5042C5-FCD7-4E4D-9D90-4D85FAD68B07}.Release|Any CPU.ActiveCfg = Release|Any CPU
		{0A5042C5-FCD7-4E4D-9D90-4D85FAD68B07}.Release|Any CPU.Build.0 = Release|Any CPU
		{982C21D2-9F11-400C-8A86-4C10B176A896}.Debug|Any CPU.ActiveCfg = Debug|Any CPU
		{982C21D2-9F11-400C-8A86-4C10B176A896}.Debug|Any CPU.Build.0 = Debug|Any CPU
		{982C21D2-9F11-400C-8A86-4C10B176A896}.Release|Any CPU.ActiveCfg = Release|Any CPU
		{982C21D2-9F11-400C-8A86-4C10B176A896}.Release|Any CPU.Build.0 = Release|Any CPU
		{844245F0-BC5F-4D3F-A004-21A8A892DED2}.Debug|Any CPU.ActiveCfg = Debug|Any CPU
		{844245F0-BC5F-4D3F-A004-21A8A892DED2}.Debug|Any CPU.Build.0 = Debug|Any CPU
		{844245F0-BC5F-4D3F-A004-21A8A892DED2}.Release|Any CPU.ActiveCfg = Release|Any CPU
		{844245F0-BC5F-4D3F-A004-21A8A892DED2}.Release|Any CPU.Build.0 = Release|Any CPU
		{D4428762-B707-4261-BA0A-840C5226CF04}.Debug|Any CPU.ActiveCfg = Debug|Any CPU
		{D4428762-B707-4261-BA0A-840C5226CF04}.Debug|Any CPU.Build.0 = Debug|Any CPU
		{D4428762-B707-4261-BA0A-840C5226CF04}.Release|Any CPU.ActiveCfg = Release|Any CPU
		{D4428762-B707-4261-BA0A-840C5226CF04}.Release|Any CPU.Build.0 = Release|Any CPU
		{418CD555-1BB0-44AE-9D40-15C9B70D2BB5}.Debug|Any CPU.ActiveCfg = Debug|Any CPU
		{418CD555-1BB0-44AE-9D40-15C9B70D2BB5}.Debug|Any CPU.Build.0 = Debug|Any CPU
		{418CD555-1BB0-44AE-9D40-15C9B70D2BB5}.Release|Any CPU.ActiveCfg = Release|Any CPU
		{418CD555-1BB0-44AE-9D40-15C9B70D2BB5}.Release|Any CPU.Build.0 = Release|Any CPU
	EndGlobalSection
	GlobalSection(SolutionProperties) = preSolution
		HideSolutionNode = FALSE
	EndGlobalSection
	GlobalSection(NestedProjects) = preSolution
		{A89F57CE-04CA-47BD-90FB-DD6B5AA523D1} = {02EA681E-C7D8-13C7-8484-4AC65E1B71E8}
		{8DE1879D-AE65-425B-B9DB-94117BE21773} = {A89F57CE-04CA-47BD-90FB-DD6B5AA523D1}
		{27E104BD-7BF3-4806-829E-7935363F3055} = {02EA681E-C7D8-13C7-8484-4AC65E1B71E8}
		{7ED23ECF-9AED-4CF4-A1F5-E5555E64E786} = {27E104BD-7BF3-4806-829E-7935363F3055}
		{9B942F82-8290-424F-BBDB-5B2453244672} = {02EA681E-C7D8-13C7-8484-4AC65E1B71E8}
		{4F7F8D18-25C2-4584-BF34-8DC50CC496F9} = {9B942F82-8290-424F-BBDB-5B2453244672}
		{E6974B31-B49F-4C19-B88F-F66670A3B6F3} = {9B942F82-8290-424F-BBDB-5B2453244672}
		{FF573C16-A694-4E50-B8F8-FA2CC956CD10} = {9B942F82-8290-424F-BBDB-5B2453244672}
		{52FC6784-3425-49CD-A37E-54D0E9473E89} = {4F7F8D18-25C2-4584-BF34-8DC50CC496F9}
		{3528CDA4-0161-4B35-BFBE-FC7A5B599F22} = {4F7F8D18-25C2-4584-BF34-8DC50CC496F9}
		{9042B181-F0CA-4B75-BD76-32E7F380D1EB} = {E6974B31-B49F-4C19-B88F-F66670A3B6F3}
		{E8854E9A-F297-496A-9F5D-D0D53B802969} = {FF573C16-A694-4E50-B8F8-FA2CC956CD10}
		{EA14094F-FB55-5ABC-1402-B4229C4AD0B1} = {B14F3132-532E-4CB1-B8CD-168AE4405021}
		{5304597E-F519-4AF1-A7BC-EA850CDC71F1} = {02EA681E-C7D8-13C7-8484-4AC65E1B71E8}
		{5CF93892-7D9C-45C9-9313-EABDB1505467} = {5304597E-F519-4AF1-A7BC-EA850CDC71F1}
		{73D743DA-F221-4B0C-B513-E5E35FF90EC0} = {5304597E-F519-4AF1-A7BC-EA850CDC71F1}
		{0A5042C5-FCD7-4E4D-9D90-4D85FAD68B07} = {5304597E-F519-4AF1-A7BC-EA850CDC71F1}
		{982C21D2-9F11-400C-8A86-4C10B176A896} = {5304597E-F519-4AF1-A7BC-EA850CDC71F1}
		{844245F0-BC5F-4D3F-A004-21A8A892DED2} = {5304597E-F519-4AF1-A7BC-EA850CDC71F1}
		{DE082CCC-D009-4824-AD05-F3E25C681D22} = {02EA681E-C7D8-13C7-8484-4AC65E1B71E8}
		{D4428762-B707-4261-BA0A-840C5226CF04} = {DE082CCC-D009-4824-AD05-F3E25C681D22}
		{418CD555-1BB0-44AE-9D40-15C9B70D2BB5} = {082E7C8B-7BAA-4D0E-867C-4843CFCA5B35}
	EndGlobalSection
	GlobalSection(ExtensibilityGlobals) = postSolution
		SolutionGuid = {B7AE7BB0-3149-4EBD-A741-B578FE98791F}
	EndGlobalSection
EndGlobal
